<Solution>
  <Folder Name="/src/" />
  <Folder Name="/src/BuildingBlocks/">
    <Project Path="src/BuildingBlocks/MusicPlayer2-Avalonia/MusicPlayer2-Avalonia.csproj" />
    <Project Path="src/BuildingBlocks/MusicPlayer2-Avalonia.Application/MusicPlayer2-Avalonia.Application.csproj" />
    <Project Path="src/BuildingBlocks/MusicPlayer2-Avalonia.Domain/MusicPlayer2-Avalonia.Domain.csproj" />
    <Project Path="src/BuildingBlocks/MusicPlayer2-Avalonia.Infrastructure/MusicPlayer2-Avalonia.Infrastructure.csproj" />
    <Project Path="src/BuildingBlocks/MusicPlayer2-Avalonia.Infrastructure.Desktop/MusicPlayer2-Avalonia.Infrastructure.Desktop.csproj" />
  </Folder>
  <Folder Name="/src/Hosts/" />
  <Folder Name="/src/Hosts/Android/">
    <Project Path="src/Hosts/Android/MusicPlayer2-Avalonia.Android.csproj" />
  </Folder>
  <Folder Name="/src/Hosts/Browser/">
    <Project Path="src/Hosts/Browser/MusicPlayer2-Avalonia.Browser.csproj" />
  </Folder>
  <Folder Name="/src/Hosts/Desktop/">
    <Project Path="src/Hosts/Desktop/MusicPlayer2-Avalonia.Desktop.csproj" />
  </Folder>
  <Folder Name="/src/Hosts/iOS/">
    <Project Path="src/Hosts/iOS/MusicPlayer2-Avalonia.iOS.csproj" />
  </Folder>
  
</Solution>
